
Microsoft Visual Studio Solution File, Format Version 12.00
# Visual Studio Version 16
VisualStudioVersion = 16.0.29025.244
MinimumVisualStudioVersion = 10.0.40219.1
Project("{9A19103F-16F7-4668-BE54-9A1E7A4F7556}") = "BankingSystemTest", "BankingSystemTest.csproj", "{88853ED4-5F43-417D-9665-B6AE3F52D0EE}"
EndProject
Global
	GlobalSection(SolutionConfigurationPlatforms) = preSolution
		Debug|Any CPU = Debug|Any CPU
		Release|Any CPU = Release|Any CPU
	EndGlobalSection
	GlobalSection(ProjectConfigurationPlatforms) = postSolution
		{88853ED4-5F43-417D-9665-B6AE3F52D0EE}.Debug|Any CPU.ActiveCfg = Debug|Any CPU
		{88853ED4-5F43-417D-9665-B6AE3F52D0EE}.Debug|Any CPU.Build.0 = Debug|Any CPU
		{88853ED4-5F43-417D-9665-B6AE3F52D0EE}.Release|Any CPU.ActiveCfg = Release|Any CPU
		{88853ED4-5F43-417D-9665-B6AE3F52D0EE}.Release|Any CPU.Build.0 = Release|Any CPU
	EndGlobalSection
	GlobalSection(SolutionProperties) = preSolution
		HideSolutionNode = FALSE
	EndGlobalSection
	GlobalSection(ExtensibilityGlobals) = postSolution
		SolutionGuid = {9F9C9A1A-295F-4D3F-9F61-4A71EDF93426}
	EndGlobalSection
EndGlobal
